{
    "_meta": {
        "hash": {
            "sha256": "d2addf1ff20a5b1a4a8dd92681d6d73fe7352d7b1dc11b5fe38ac8ca41b68835"
        },
        "pipfile-spec": 6,
        "requires": {
            "python_full_version": "3.13.1",
            "python_version": "3.13"
        },
        "sources": [
            {
                "name": "pypi",
                "url": "https://pypi.org/simple",
                "verify_ssl": true
            },
            {
                "name": "pypitunatsinghuaedu",
                "url": "https://pypi.tuna.tsinghua.edu.cn/simple",
                "verify_ssl": true
            }
        ]
    },
    "default": {
        "clang-format": {
            "hashes": [
                "sha256:1a023510c49a5c0bf9966263503b3af20f42ef6425d8f4a53141c41c58f84d25",
                "sha256:48369361bf8bef60ca3aeee51c8d55821bb62228489c1a1155703a2634598df6",
                "sha256:5413c54938d31673ae9c3043527ee4414e0b8980b89b8417bd9663bf18ab2010",
                "sha256:5a2dbe11203275627cea3286f018b4eee36670607b76b467f067132c8eb999d0",
                "sha256:5e5d6bc8d2f54d8e8058b93627468c571ce971c541cd3ea7751cd6d711eb5a19",
                "sha256:6d054c0a328926436262ba0e00b527059e14c7f65bf5bad5a8f82fbed680bd53",
                "sha256:700b32da1e03c485a53113b41693846e930c3066803e713064a1ff2797dbeba3",
                "sha256:82b2a19e5b345fcf7d6bf478b5d48e242eb84d47ae04cb54ae0561464f812bcd",
                "sha256:85599f9f2314d3a82c002362e1119d49726ef8dc2082497acfea2892e9a446f1",
                "sha256:934bc103f9cd3009ee7259ac54df08dbcef38d4c970c0171bc68517f67e4720f",
                "sha256:ade5b45e2faadddbf3fabe93b65d04567ded59fb483708a8417bacc4a96d5bc3",
                "sha256:c20b5be0d9347b5b3a2c4af67e3e9d7a7254a8a9fa7f17628639e2c0a3fea8e9",
                "sha256:ca6410aacd5e7b827f9025a52ac01344ed5df58bd27adbce0d1564ea331919ea",
                "sha256:dc4b094b4cd1824342b1f6f78f41d2c7f336df89e785b506fcd098d1d3f02d82",
                "sha256:e1cd4a018ea15a5f675158ab1468d4a2e827f8266fa56773916a5f294a32c51d"
            ],
            "index": "pypitunatsinghuaedu",
            "version": "==20.1.0"
        },
        "clang-tidy": {
            "hashes": [
                "sha256:14125fd35b2d324da33c884ab8b5a1d9d70a5a2e76f071ca14783d325a992917",
                "sha256:5d78e47463988dd38c9ef8f6aa40bab7974876bbc73150b6a34fed34920a655e",
                "sha256:812e27de4b006ca2f1b24c1ff6efb9a5fb01dac5eea48cb68cd7d7493a148996",
                "sha256:85544b69c34217a25272733194f0fafd2563d92fd170ba1e6497792219f49f87",
                "sha256:9c2162c4b776b14dff84f3c4d69d31fa2fa9bc9b10ff4708e50e444f2fa7bef3",
                "sha256:bd850dd40c4a14539f0aa8c80e8fa84a6f50e54bd967267a4a219cf7f66e0114",
                "sha256:ce8bbe64bdc4d616f184fc51d9fce4d9c8d50ff973a3af7787ff65a878bc1c31",
                "sha256:e205541e350044ffe0b0d1fcaf62b9953890f8ecba31458bbcdcfe73040e58b6",
                "sha256:f14eb62003f0ddfec6dd638a4fd6af4c46e24615dd22d55aa6beec374d2fa1d5",
                "sha256:fd43cd33868c4bbd4d1ac14377ca7b393e9b31872d0869f9c411606b31f5ca5b"
            ],
            "index": "pypitunatsinghuaedu",
            "version": "==20.1.0"
        },
        "cmake": {
            "hashes": [
                "sha256:024a79ca3d2c355f75875b6cc92d907afd710d1a4ffde2f20a7da712a2f4b1c3",
                "sha256:112b36427e59bd26145b705a49d5f70b16433a655ce807cb8fdd81dd4d0e60c2",
                "sha256:13f2e636dc27834fe096f53301d6efb913b4b501fdc0ed03f386c0a7e7ec1a21",
                "sha256:1c8b05df0602365da91ee6a3336fe57525b137706c4ab5675498f662ae1dbcec",
                "sha256:2297e9591307d9c61e557efe737bcf4d7c13a30f1f860732f684a204fee24dca",
                "sha256:42d9883b8958da285d53d5f69d40d9650c2d1bcf922d82b3ebdceb2b3a7d4521",
                "sha256:4326f6c6f39867a60e2822fea8e6aedbcac09c9f59ad3f0f3386a890a2c8d89d",
                "sha256:547efc1d0e27a194da819a0392fe645a9b8f1485bc2c3f34ae4f1e682cfd3153",
                "sha256:689441fc74fbb03673c67e20d4636614a231634d5e803387cd213d2cdf9675fc",
                "sha256:6cb97adae7e5390ce68f8b7f38e1be1c72bf19e9f6727f31f8fa1c095b39be88",
                "sha256:6f77db820af725bb92fab60c4c9d67f64442ac0ea9b933aca4cd4586219cbd1f",
                "sha256:8b67bf9613dfb59c12ce643c6be582c49c981e6eee28c4c244aeb3248b33f05e",
                "sha256:8edddfbf367fa1bcf4b9f3064470bc0e1022f70609c0cf69c863961897826205",
                "sha256:9eed74a1f2a29a7cd92a9f071a35d64645b19802beb393ec250d6e7c09441314",
                "sha256:9f170e3c6933dba64f333cb456823bbb1d0ac126f94aa4a577e40855d2b1ca49",
                "sha256:bbaed969cef3c427f4f17591feb28db4ae595e3a4bbd45cb35522cee14df6a32",
                "sha256:ce5fc0299ecafe489b2614daa6176c3c2baacea6bc3b359bac9aa25b46ed43e9",
                "sha256:cefb910be81e1b4fdc3b89ef61819c3e848b3906ed56ac36d090f37cfa05666b",
                "sha256:da9d4fd9abd571fd016ddb27da0428b10277010b23bb21e3678f8b9e96e1686e"
            ],
            "index": "pypitunatsinghuaedu",
            "markers": "python_version >= '3.7'",
            "version": "==3.31.6"
        }
    },
    "develop": {}
}
