{
    "_meta": {
        "hash": {
            "sha256": "2fcb78ee8a34f4b92214c4884cf80c4f47b46059bc202fdcb4323e6b28a341bf"
        },
        "pipfile-spec": 6,
        "requires": {
            "python_full_version": "3.13.1",
            "python_version": "3.13"
        },
        "sources": [
            {
                "name": "pypi",
                "url": "https://pypi.org/simple",
                "verify_ssl": true
            },
            {
                "name": "pypitunatsinghuaedu",
                "url": "https://pypi.tuna.tsinghua.edu.cn/simple",
                "verify_ssl": true
            }
        ]
    },
    "default": {},
    "develop": {}
}
